dependencies:
  axios: 0.20.0
lockfileVersion: 5.1
packages:
  /axios/0.20.0:
    dependencies:
      follow-redirects: 1.13.0
    dev: false
    resolution:
      integrity: sha512-ANA4rr2BDcmmAQLOKft2fufrtuvlqR+cXNNinUmvfeSNCOF98PZL+7M/v1zIdGo7OLjEA9J2gXJL+j4zGsl0bA==
  /follow-redirects/1.13.0:
    dev: false
    engines:
      node: '>=4.0'
    resolution:
      integrity: sha512-aq6gF1BEKje4a9i9+5jimNFIpq4Q1WiwBToeRK5NvZBd/TRsmW8BsJfOEGkr76TbOyPVD3OVDN910EcUNtRYEA==
specifiers:
  axios: ^0.20.0
